
Microsoft Visual Studio Solution File, Format Version 12.00
# Visual Studio Version 16
VisualStudioVersion = 16.0.30503.244
MinimumVisualStudioVersion = 10.0.40219.1
Project("{FAE04EC0-301F-11D3-BF4B-00C04F79EFBC}") = "Assignment2", "Assignment2\Assignment2.csproj", "{74CA1F94-1F28-4D2D-9989-7AD259222873}"
EndProject
Global
	GlobalSection(SolutionConfigurationPlatforms) = preSolution
		Debug|Any CPU = Debug|Any CPU
		Release|Any CPU = Release|Any CPU
	EndGlobalSection
	GlobalSection(ProjectConfigurationPlatforms) = postSolution
		{74CA1F94-1F28-4D2D-9989-7AD259222873}.Debug|Any CPU.ActiveCfg = Debug|Any CPU
		{74CA1F94-1F28-4D2D-9989-7AD259222873}.Debug|Any CPU.Build.0 = Debug|Any CPU
		{74CA1F94-1F28-4D2D-9989-7AD259222873}.Release|Any CPU.ActiveCfg = Release|Any CPU
		{74CA1F94-1F28-4D2D-9989-7AD259222873}.Release|Any CPU.Build.0 = Release|Any CPU
	EndGlobalSection
	GlobalSection(SolutionProperties) = preSolution
		HideSolutionNode = FALSE
	EndGlobalSection
	GlobalSection(ExtensibilityGlobals) = postSolution
		SolutionGuid = {1EB72AB8-78B7-43FE-A26F-15C607D64420}
	EndGlobalSection
EndGlobal
